Microsoft Visual Studio Solution File, Format Version 12.00
# Visual Studio Version 17
VisualStudioVersion = 17.5.2.0
MinimumVisualStudioVersion = 10.0.40219.1
Project("{FAE04EC0-301F-11D3-BF4B-00C04F79EFBC}") = "Finlytics", "Finlytics.csproj", "{0E8C066E-97A9-671A-BAB9-1902D97191F0}"
EndProject
Global
	GlobalSection(SolutionConfigurationPlatforms) = preSolution
		Debug|Any CPU = Debug|Any CPU
		Release|Any CPU = Release|Any CPU
	EndGlobalSection
	GlobalSection(ProjectConfigurationPlatforms) = postSolution
		{0E8C066E-97A9-671A-BAB9-1902D97191F0}.Debug|Any CPU.ActiveCfg = Debug|Any CPU
		{0E8C066E-97A9-671A-BAB9-1902D97191F0}.Debug|Any CPU.Build.0 = Debug|Any CPU
		{0E8C066E-97A9-671A-BAB9-1902D97191F0}.Release|Any CPU.ActiveCfg = Release|Any CPU
		{0E8C066E-97A9-671A-BAB9-1902D97191F0}.Release|Any CPU.Build.0 = Release|Any CPU
	EndGlobalSection
	GlobalSection(SolutionProperties) = preSolution
		HideSolutionNode = FALSE
	EndGlobalSection
	GlobalSection(ExtensibilityGlobals) = postSolution
		SolutionGuid = {760916C7-3EE3-4BFC-921F-42BC22905FD9}
	EndGlobalSection
EndGlobal
